
Microsoft Visual Studio Solution File, Format Version 12.00
# Visual Studio Version 16
VisualStudioVersion = 16.0.29411.108
MinimumVisualStudioVersion = 10.0.40219.1
Project("{9A19103F-16F7-4668-BE54-9A1E7A4F7556}") = "LENet", "LENet\LENet.csproj", "{98C1922F-D858-4677-9F4F-F6974E20638B}"
EndProject
Project("{9A19103F-16F7-4668-BE54-9A1E7A4F7556}") = "DummyServer", "DummyServer\DummyServer.csproj", "{AC8226F3-F0B0-4FCA-A1B2-362E6E168A9C}"
EndProject
Project("{FAE04EC0-301F-11D3-BF4B-00C04F79EFBC}") = "ENetCS", "ENetCS\ENetCS.csproj", "{9C4CE747-B084-4356-97EE-AC60FE4711F4}"
EndProject
Global
	GlobalSection(SolutionConfigurationPlatforms) = preSolution
		Debug|Any CPU = Debug|Any CPU
		Release|Any CPU = Release|Any CPU
	EndGlobalSection
	GlobalSection(ProjectConfigurationPlatforms) = postSolution
		{98C1922F-D858-4677-9F4F-F6974E20638B}.Debug|Any CPU.ActiveCfg = Debug|Any CPU
		{98C1922F-D858-4677-9F4F-F6974E20638B}.Debug|Any CPU.Build.0 = Debug|Any CPU
		{98C1922F-D858-4677-9F4F-F6974E20638B}.Release|Any CPU.ActiveCfg = Release|Any CPU
		{98C1922F-D858-4677-9F4F-F6974E20638B}.Release|Any CPU.Build.0 = Release|Any CPU
		{AC8226F3-F0B0-4FCA-A1B2-362E6E168A9C}.Debug|Any CPU.ActiveCfg = Debug|Any CPU
		{AC8226F3-F0B0-4FCA-A1B2-362E6E168A9C}.Debug|Any CPU.Build.0 = Debug|Any CPU
		{AC8226F3-F0B0-4FCA-A1B2-362E6E168A9C}.Release|Any CPU.ActiveCfg = Release|Any CPU
		{AC8226F3-F0B0-4FCA-A1B2-362E6E168A9C}.Release|Any CPU.Build.0 = Release|Any CPU
		{9C4CE747-B084-4356-97EE-AC60FE4711F4}.Debug|Any CPU.ActiveCfg = Debug|Any CPU
		{9C4CE747-B084-4356-97EE-AC60FE4711F4}.Debug|Any CPU.Build.0 = Debug|Any CPU
		{9C4CE747-B084-4356-97EE-AC60FE4711F4}.Release|Any CPU.ActiveCfg = Release|Any CPU
		{9C4CE747-B084-4356-97EE-AC60FE4711F4}.Release|Any CPU.Build.0 = Release|Any CPU
	EndGlobalSection
	GlobalSection(SolutionProperties) = preSolution
		HideSolutionNode = FALSE
	EndGlobalSection
	GlobalSection(ExtensibilityGlobals) = postSolution
		SolutionGuid = {F59C13EA-E7C2-4CD6-BB36-289A705DFB71}
	EndGlobalSection
EndGlobal
